
Microsoft Visual Studio Solution File, Format Version 12.00
# Visual Studio Express 14 for Windows Desktop
VisualStudioVersion = 14.0.23107.0
MinimumVisualStudioVersion = 10.0.40219.1
Project("{FAE04EC0-301F-11D3-BF4B-00C04F79EFBC}") = "Lab2Ex2", "Lab2Ex2\Lab2Ex2.csproj", "{C6839901-9C45-42E8-ABC8-A0ADD36E8BC1}"
EndProject
Global
	GlobalSection(SolutionConfigurationPlatforms) = preSolution
		Debug|Any CPU = Debug|Any CPU
		Release|Any CPU = Release|Any CPU
	EndGlobalSection
	GlobalSection(ProjectConfigurationPlatforms) = postSolution
		{C6839901-9C45-42E8-ABC8-A0ADD36E8BC1}.Debug|Any CPU.ActiveCfg = Debug|Any CPU
		{C6839901-9C45-42E8-ABC8-A0ADD36E8BC1}.Debug|Any CPU.Build.0 = Debug|Any CPU
		{C6839901-9C45-42E8-ABC8-A0ADD36E8BC1}.Release|Any CPU.ActiveCfg = Release|Any CPU
		{C6839901-9C45-42E8-ABC8-A0ADD36E8BC1}.Release|Any CPU.Build.0 = Release|Any CPU
	EndGlobalSection
	GlobalSection(SolutionProperties) = preSolution
		HideSolutionNode = FALSE
	EndGlobalSection
EndGlobal
